// !$*UTF8*$!
{
	archiveVersion = 1;
	classes = {
	};
	objectVersion = 46;
	objects = {

/* Begin PBXBuildFile section */
		881EF0A81E3102E30035DEB4 /* AppDelegate.swift in Sources */ = {isa = PBXBuildFile; fileRef = 881EF0A71E3102E30035DEB4 /* AppDelegate.swift */; };
		881EF0AD1E3102E30035DEB4 /* Main.storyboard in Resources */ = {isa = PBXBuildFile; fileRef = 881EF0AB1E3102E30035DEB4 /* Main.storyboard */; };
		881EF0AF1E3102E30035DEB4 /* Assets.xcassets in Resources */ = {isa = PBXBuildFile; fileRef = 881EF0AE1E3102E30035DEB4 /* Assets.xcassets */; };
		881EF0B21E3102E30035DEB4 /* LaunchScreen.storyboard in Resources */ = {isa = PBXBuildFile; fileRef = 881EF0B01E3102E30035DEB4 /* LaunchScreen.storyboard */; };
		881EF0BD1E31037D0035DEB4 /* KittyViewController.swift in Sources */ = {isa = PBXBuildFile; fileRef = 881EF0B91E31037D0035DEB4 /* KittyViewController.swift */; };
		881EF0BE1E31037D0035DEB4 /* HostViewController.swift in Sources */ = {isa = PBXBuildFile; fileRef = 881EF0BA1E31037D0035DEB4 /* HostViewController.swift */; };
		881EF0BF1E31037D0035DEB4 /* SampleMenuViewController.swift in Sources */ = {isa = PBXBuildFile; fileRef = 881EF0BB1E31037D0035DEB4 /* SampleMenuViewController.swift */; };
		9A15C5481EDD62BC00C4FD75 /* InteractiveSideMenu.framework in Frameworks */ = {isa = PBXBuildFile; fileRef = 881EF0C71E31049C0035DEB4 /* InteractiveSideMenu.framework */; };
		9A15C5491EDD62BC00C4FD75 /* InteractiveSideMenu.framework in Embed Frameworks */ = {isa = PBXBuildFile; fileRef = 881EF0C71E31049C0035DEB4 /* InteractiveSideMenu.framework */; settings = {ATTRIBUTES = (CodeSignOnCopy, RemoveHeadersOnCopy, ); }; };
		9A6755031EA8E30C00F0C71D /* TabBarViewController.swift in Sources */ = {isa = PBXBuildFile; fileRef = 9A6755021EA8E30C00F0C71D /* TabBarViewController.swift */; };
		D4028937202CEC45009F1262 /* SampleTableCell.swift in Sources */ = {isa = PBXBuildFile; fileRef = D4028936202CEC45009F1262 /* SampleTableCell.swift */; };
		D4C58473202DD647006EF43A /* KittyViewController.storyboard in Resources */ = {isa = PBXBuildFile; fileRef = D4C58472202DD647006EF43A /* KittyViewController.storyboard */; };
		D4C58476202DD6B0006EF43A /* Storyboardable.swift in Sources */ = {isa = PBXBuildFile; fileRef = D4C58475202DD6B0006EF43A /* Storyboardable.swift */; };
		D4C58478202DD6DF006EF43A /* TabBarViewController.storyboard in Resources */ = {isa = PBXBuildFile; fileRef = D4C58477202DD6DF006EF43A /* TabBarViewController.storyboard */; };
		D4C5847F202DD896006EF43A /* SampleMenuViewController.storyboard in Resources */ = {isa = PBXBuildFile; fileRef = D4C5847E202DD896006EF43A /* SampleMenuViewController.storyboard */; };
		D4C58482202DECB4006EF43A /* TweakViewController.swift in Sources */ = {isa = PBXBuildFile; fileRef = D4C58481202DECB4006EF43A /* TweakViewController.swift */; };
		D4C58484202DECBB006EF43A /* TweakViewController.storyboard in Resources */ = {isa = PBXBuildFile; fileRef = D4C58483202DECBB006EF43A /* TweakViewController.storyboard */; };
/* End PBXBuildFile section */

/* Begin PBXContainerItemProxy section */
		881EF0C61E31049C0035DEB4 /* PBXContainerItemProxy */ = {
			isa = PBXContainerItemProxy;
			containerPortal = 881EF0C21E31049C0035DEB4 /* InteractiveSideMenu.xcodeproj */;
			proxyType = 2;
			remoteGlobalIDString = 881EF0831E30FFE40035DEB4;
			remoteInfo = InteractiveSideMenu;
		};
		881EF0C81E3104AD0035DEB4 /* PBXContainerItemProxy */ = {
			isa = PBXContainerItemProxy;
			containerPortal = 881EF0C21E31049C0035DEB4 /* InteractiveSideMenu.xcodeproj */;
			proxyType = 1;
			remoteGlobalIDString = 881EF0821E30FFE40035DEB4;
			remoteInfo = InteractiveSideMenu;
		};
		9A15C54A1EDD62BC00C4FD75 /* PBXContainerItemProxy */ = {
			isa = PBXContainerItemProxy;
			containerPortal = 881EF0C21E31049C0035DEB4 /* InteractiveSideMenu.xcodeproj */;
			proxyType = 1;
			remoteGlobalIDString = 881EF0821E30FFE40035DEB4;
			remoteInfo = InteractiveSideMenu;
		};
/* End PBXContainerItemProxy section */

/* Begin PBXCopyFilesBuildPhase section */
		9A15C54C1EDD62BC00C4FD75 /* Embed Frameworks */ = {
			isa = PBXCopyFilesBuildPhase;
			buildActionMask = 2147483647;
			dstPath = "";
			dstSubfolderSpec = 10;
			files = (
				9A15C5491EDD62BC00C4FD75 /* InteractiveSideMenu.framework in Embed Frameworks */,
			);
			name = "Embed Frameworks";
			runOnlyForDeploymentPostprocessing = 0;
		};
/* End PBXCopyFilesBuildPhase section */

/* Begin PBXFileReference section */
		881EF0A41E3102E30035DEB4 /* Sample.app */ = {isa = PBXFileReference; explicitFileType = wrapper.application; includeInIndex = 0; path = Sample.app; sourceTree = BUILT_PRODUCTS_DIR; };
		881EF0A71E3102E30035DEB4 /* AppDelegate.swift */ = {isa = PBXFileReference; lastKnownFileType = sourcecode.swift; path = AppDelegate.swift; sourceTree = "<group>"; };
		881EF0AC1E3102E30035DEB4 /* Base */ = {isa = PBXFileReference; lastKnownFileType = file.storyboard; name = Base; path = Base.lproj/Main.storyboard; sourceTree = "<group>"; };
		881EF0AE1E3102E30035DEB4 /* Assets.xcassets */ = {isa = PBXFileReference; lastKnownFileType = folder.assetcatalog; path = Assets.xcassets; sourceTree = "<group>"; };
		881EF0B11E3102E30035DEB4 /* Base */ = {isa = PBXFileReference; lastKnownFileType = file.storyboard; name = Base; path = Base.lproj/LaunchScreen.storyboard; sourceTree = "<group>"; };
		881EF0B31E3102E30035DEB4 /* Info.plist */ = {isa = PBXFileReference; lastKnownFileType = text.plist.xml; path = Info.plist; sourceTree = "<group>"; };
		881EF0B91E31037D0035DEB4 /* KittyViewController.swift */ = {isa = PBXFileReference; fileEncoding = 4; lastKnownFileType = sourcecode.swift; path = KittyViewController.swift; sourceTree = "<group>"; };
		881EF0BA1E31037D0035DEB4 /* HostViewController.swift */ = {isa = PBXFileReference; fileEncoding = 4; lastKnownFileType = sourcecode.swift; lineEnding = 0; path = HostViewController.swift; sourceTree = "<group>"; xcLanguageSpecificationIdentifier = xcode.lang.swift; };
		881EF0BB1E31037D0035DEB4 /* SampleMenuViewController.swift */ = {isa = PBXFileReference; fileEncoding = 4; lastKnownFileType = sourcecode.swift; path = SampleMenuViewController.swift; sourceTree = "<group>"; };
		881EF0C21E31049C0035DEB4 /* InteractiveSideMenu.xcodeproj */ = {isa = PBXFileReference; lastKnownFileType = "wrapper.pb-project"; name = InteractiveSideMenu.xcodeproj; path = ../InteractiveSideMenu.xcodeproj; sourceTree = "<group>"; };
		9A6755021EA8E30C00F0C71D /* TabBarViewController.swift */ = {isa = PBXFileReference; fileEncoding = 4; lastKnownFileType = sourcecode.swift; path = TabBarViewController.swift; sourceTree = "<group>"; };
		D4028936202CEC45009F1262 /* SampleTableCell.swift */ = {isa = PBXFileReference; lastKnownFileType = sourcecode.swift; path = SampleTableCell.swift; sourceTree = "<group>"; };
		D4C58472202DD647006EF43A /* KittyViewController.storyboard */ = {isa = PBXFileReference; lastKnownFileType = file.storyboard; path = KittyViewController.storyboard; sourceTree = "<group>"; };
		D4C58475202DD6B0006EF43A /* Storyboardable.swift */ = {isa = PBXFileReference; lastKnownFileType = sourcecode.swift; path = Storyboardable.swift; sourceTree = "<group>"; };
		D4C58477202DD6DF006EF43A /* TabBarViewController.storyboard */ = {isa = PBXFileReference; lastKnownFileType = file.storyboard; path = TabBarViewController.storyboard; sourceTree = "<group>"; };
		D4C5847E202DD896006EF43A /* SampleMenuViewController.storyboard */ = {isa = PBXFileReference; lastKnownFileType = file.storyboard; path = SampleMenuViewController.storyboard; sourceTree = "<group>"; };
		D4C58481202DECB4006EF43A /* TweakViewController.swift */ = {isa = PBXFileReference; lastKnownFileType = sourcecode.swift; path = TweakViewController.swift; sourceTree = "<group>"; };
		D4C58483202DECBB006EF43A /* TweakViewController.storyboard */ = {isa = PBXFileReference; lastKnownFileType = file.storyboard; path = TweakViewController.storyboard; sourceTree = "<group>"; };
/* End PBXFileReference section */

/* Begin PBXFrameworksBuildPhase section */
		881EF0A11E3102E30035DEB4 /* Frameworks */ = {
			isa = PBXFrameworksBuildPhase;
			buildActionMask = 2147483647;
			files = (
				9A15C5481EDD62BC00C4FD75 /* InteractiveSideMenu.framework in Frameworks */,
			);
			runOnlyForDeploymentPostprocessing = 0;
		};
/* End PBXFrameworksBuildPhase section */

/* Begin PBXGroup section */
		881EF09B1E3102E30035DEB4 = {
			isa = PBXGroup;
			children = (
				881EF0C21E31049C0035DEB4 /* InteractiveSideMenu.xcodeproj */,
				881EF0A61E3102E30035DEB4 /* Sample */,
				881EF0A51E3102E30035DEB4 /* Products */,
			);
			sourceTree = "<group>";
		};
		881EF0A51E3102E30035DEB4 /* Products */ = {
			isa = PBXGroup;
			children = (
				881EF0A41E3102E30035DEB4 /* Sample.app */,
			);
			name = Products;
			sourceTree = "<group>";
		};
		881EF0A61E3102E30035DEB4 /* Sample */ = {
			isa = PBXGroup;
			children = (
				881EF0AB1E3102E30035DEB4 /* Main.storyboard */,
				881EF0A71E3102E30035DEB4 /* AppDelegate.swift */,
				D4C5847D202DD877006EF43A /* Controllers */,
				D4C5847A202DD810006EF43A /* Menu Controllers */,
				D4C5847C202DD859006EF43A /* Cells */,
				D4C58474202DD6A2006EF43A /* Helpers */,
				D4C5847B202DD828006EF43A /* Supporting Items */,
			);
			path = Sample;
			sourceTree = "<group>";
		};
		881EF0C31E31049C0035DEB4 /* Products */ = {
			isa = PBXGroup;
			children = (
				881EF0C71E31049C0035DEB4 /* InteractiveSideMenu.framework */,
			);
			name = Products;
			sourceTree = "<group>";
		};
		D4C58474202DD6A2006EF43A /* Helpers */ = {
			isa = PBXGroup;
			children = (
				D4C58475202DD6B0006EF43A /* Storyboardable.swift */,
			);
			path = Helpers;
			sourceTree = "<group>";
		};
		D4C5847A202DD810006EF43A /* Menu Controllers */ = {
			isa = PBXGroup;
			children = (
				881EF0B91E31037D0035DEB4 /* KittyViewController.swift */,
				D4C58472202DD647006EF43A /* KittyViewController.storyboard */,
				9A6755021EA8E30C00F0C71D /* TabBarViewController.swift */,
				D4C58477202DD6DF006EF43A /* TabBarViewController.storyboard */,
				D4C58481202DECB4006EF43A /* TweakViewController.swift */,
				D4C58483202DECBB006EF43A /* TweakViewController.storyboard */,
			);
			path = "Menu Controllers";
			sourceTree = "<group>";
		};
		D4C5847B202DD828006EF43A /* Supporting Items */ = {
			isa = PBXGroup;
			children = (
				881EF0AE1E3102E30035DEB4 /* Assets.xcassets */,
				881EF0B01E3102E30035DEB4 /* LaunchScreen.storyboard */,
				881EF0B31E3102E30035DEB4 /* Info.plist */,
			);
			name = "Supporting Items";
			sourceTree = "<group>";
		};
		D4C5847C202DD859006EF43A /* Cells */ = {
			isa = PBXGroup;
			children = (
				D4028936202CEC45009F1262 /* SampleTableCell.swift */,
			);
			path = Cells;
			sourceTree = "<group>";
		};
		D4C5847D202DD877006EF43A /* Controllers */ = {
			isa = PBXGroup;
			children = (
				881EF0BA1E31037D0035DEB4 /* HostViewController.swift */,
				881EF0BB1E31037D0035DEB4 /* SampleMenuViewController.swift */,
				D4C5847E202DD896006EF43A /* SampleMenuViewController.storyboard */,
			);
			path = Controllers;
			sourceTree = "<group>";
		};
/* End PBXGroup section */

/* Begin PBXNativeTarget section */
		881EF0A31E3102E30035DEB4 /* Sample */ = {
			isa = PBXNativeTarget;
			buildConfigurationList = 881EF0B61E3102E30035DEB4 /* Build configuration list for PBXNativeTarget "Sample" */;
			buildPhases = (
				881EF0A01E3102E30035DEB4 /* Sources */,
				881EF0A11E3102E30035DEB4 /* Frameworks */,
				881EF0A21E3102E30035DEB4 /* Resources */,
				9A15C54C1EDD62BC00C4FD75 /* Embed Frameworks */,
			);
			buildRules = (
			);
			dependencies = (
				881EF0C91E3104AD0035DEB4 /* PBXTargetDependency */,
				9A15C54B1EDD62BC00C4FD75 /* PBXTargetDependency */,
			);
			name = Sample;
			productName = Sample;
			productReference = 881EF0A41E3102E30035DEB4 /* Sample.app */;
			productType = "com.apple.product-type.application";
		};
/* End PBXNativeTarget section */

/* Begin PBXProject section */
		881EF09C1E3102E30035DEB4 /* Project object */ = {
			isa = PBXProject;
			attributes = {
				LastSwiftUpdateCheck = 0820;
				LastUpgradeCheck = 0820;
				ORGANIZATIONNAME = Handsome;
				TargetAttributes = {
					881EF0A31E3102E30035DEB4 = {
						CreatedOnToolsVersion = 8.2.1;
						ProvisioningStyle = Automatic;
					};
				};
			};
			buildConfigurationList = 881EF09F1E3102E30035DEB4 /* Build configuration list for PBXProject "Sample" */;
			compatibilityVersion = "Xcode 3.2";
			developmentRegion = English;
			hasScannedForEncodings = 0;
			knownRegions = (
				en,
				Base,
			);
			mainGroup = 881EF09B1E3102E30035DEB4;
			productRefGroup = 881EF0A51E3102E30035DEB4 /* Products */;
			projectDirPath = "";
			projectReferences = (
				{
					ProductGroup = 881EF0C31E31049C0035DEB4 /* Products */;
					ProjectRef = 881EF0C21E31049C0035DEB4 /* InteractiveSideMenu.xcodeproj */;
				},
			);
			projectRoot = "";
			targets = (
				881EF0A31E3102E30035DEB4 /* Sample */,
			);
		};
/* End PBXProject section */

/* Begin PBXReferenceProxy section */
		881EF0C71E31049C0035DEB4 /* InteractiveSideMenu.framework */ = {
			isa = PBXReferenceProxy;
			fileType = wrapper.framework;
			path = InteractiveSideMenu.framework;
			remoteRef = 881EF0C61E31049C0035DEB4 /* PBXContainerItemProxy */;
			sourceTree = BUILT_PRODUCTS_DIR;
		};
/* End PBXReferenceProxy section */

/* Begin PBXResourcesBuildPhase section */
		881EF0A21E3102E30035DEB4 /* Resources */ = {
			isa = PBXResourcesBuildPhase;
			buildActionMask = 2147483647;
			files = (
				D4C58484202DECBB006EF43A /* TweakViewController.storyboard in Resources */,
				D4C5847F202DD896006EF43A /* SampleMenuViewController.storyboard in Resources */,
				881EF0B21E3102E30035DEB4 /* LaunchScreen.storyboard in Resources */,
				D4C58473202DD647006EF43A /* KittyViewController.storyboard in Resources */,
				881EF0AF1E3102E30035DEB4 /* Assets.xcassets in Resources */,
				D4C58478202DD6DF006EF43A /* TabBarViewController.storyboard in Resources */,
				881EF0AD1E3102E30035DEB4 /* Main.storyboard in Resources */,
			);
			runOnlyForDeploymentPostprocessing = 0;
		};
/* End PBXResourcesBuildPhase section */

/* Begin PBXSourcesBuildPhase section */
		881EF0A01E3102E30035DEB4 /* Sources */ = {
			isa = PBXSourcesBuildPhase;
			buildActionMask = 2147483647;
			files = (
				881EF0BD1E31037D0035DEB4 /* KittyViewController.swift in Sources */,
				881EF0BE1E31037D0035DEB4 /* HostViewController.swift in Sources */,
				D4C58476202DD6B0006EF43A /* Storyboardable.swift in Sources */,
				D4028937202CEC45009F1262 /* SampleTableCell.swift in Sources */,
				881EF0BF1E31037D0035DEB4 /* SampleMenuViewController.swift in Sources */,
				9A6755031EA8E30C00F0C71D /* TabBarViewController.swift in Sources */,
				881EF0A81E3102E30035DEB4 /* AppDelegate.swift in Sources */,
				D4C58482202DECB4006EF43A /* TweakViewController.swift in Sources */,
			);
			runOnlyForDeploymentPostprocessing = 0;
		};
/* End PBXSourcesBuildPhase section */

/* Begin PBXTargetDependency section */
		881EF0C91E3104AD0035DEB4 /* PBXTargetDependency */ = {
			isa = PBXTargetDependency;
			name = InteractiveSideMenu;
			targetProxy = 881EF0C81E3104AD0035DEB4 /* PBXContainerItemProxy */;
		};
		9A15C54B1EDD62BC00C4FD75 /* PBXTargetDependency */ = {
			isa = PBXTargetDependency;
			name = InteractiveSideMenu;
			targetProxy = 9A15C54A1EDD62BC00C4FD75 /* PBXContainerItemProxy */;
		};
/* End PBXTargetDependency section */

/* Begin PBXVariantGroup section */
		881EF0AB1E3102E30035DEB4 /* Main.storyboard */ = {
			isa = PBXVariantGroup;
			children = (
				881EF0AC1E3102E30035DEB4 /* Base */,
			);
			name = Main.storyboard;
			sourceTree = "<group>";
		};
		881EF0B01E3102E30035DEB4 /* LaunchScreen.storyboard */ = {
			isa = PBXVariantGroup;
			children = (
				881EF0B11E3102E30035DEB4 /* Base */,
			);
			name = LaunchScreen.storyboard;
			sourceTree = "<group>";
		};
/* End PBXVariantGroup section */

/* Begin XCBuildConfiguration section */
		881EF0B41E3102E30035DEB4 /* Debug */ = {
			isa = XCBuildConfiguration;
			buildSettings = {
				ALWAYS_SEARCH_USER_PATHS = NO;
				CLANG_ANALYZER_NONNULL = YES;
				CLANG_CXX_LANGUAGE_STANDARD = "gnu++0x";
				CLANG_CXX_LIBRARY = "libc++";
				CLANG_ENABLE_MODULES = YES;
				CLANG_ENABLE_OBJC_ARC = YES;
				CLANG_WARN_BOOL_CONVERSION = YES;
				CLANG_WARN_CONSTANT_CONVERSION = YES;
				CLANG_WARN_DIRECT_OBJC_ISA_USAGE = YES_ERROR;
				CLANG_WARN_DOCUMENTATION_COMMENTS = YES;
				CLANG_WARN_EMPTY_BODY = YES;
				CLANG_WARN_ENUM_CONVERSION = YES;
				CLANG_WARN_INFINITE_RECURSION = YES;
				CLANG_WARN_INT_CONVERSION = YES;
				CLANG_WARN_OBJC_ROOT_CLASS = YES_ERROR;
				CLANG_WARN_SUSPICIOUS_MOVE = YES;
				CLANG_WARN_UNREACHABLE_CODE = YES;
				CLANG_WARN__DUPLICATE_METHOD_MATCH = YES;
				"CODE_SIGN_IDENTITY[sdk=iphoneos*]" = "iPhone Developer";
				COPY_PHASE_STRIP = NO;
				DEBUG_INFORMATION_FORMAT = dwarf;
				ENABLE_STRICT_OBJC_MSGSEND = YES;
				ENABLE_TESTABILITY = YES;
				GCC_C_LANGUAGE_STANDARD = gnu99;
				GCC_DYNAMIC_NO_PIC = NO;
				GCC_NO_COMMON_BLOCKS = YES;
				GCC_OPTIMIZATION_LEVEL = 0;
				GCC_PREPROCESSOR_DEFINITIONS = (
					"DEBUG=1",
					"$(inherited)",
				);
				GCC_WARN_64_TO_32_BIT_CONVERSION = YES;
				GCC_WARN_ABOUT_RETURN_TYPE = YES_ERROR;
				GCC_WARN_UNDECLARED_SELECTOR = YES;
				GCC_WARN_UNINITIALIZED_AUTOS = YES_AGGRESSIVE;
				GCC_WARN_UNUSED_FUNCTION = YES;
				GCC_WARN_UNUSED_VARIABLE = YES;
				IPHONEOS_DEPLOYMENT_TARGET = 10.2;
				MTL_ENABLE_DEBUG_INFO = YES;
				ONLY_ACTIVE_ARCH = YES;
				SDKROOT = iphoneos;
				SWIFT_ACTIVE_COMPILATION_CONDITIONS = DEBUG;
				SWIFT_OPTIMIZATION_LEVEL = "-Onone";
			};
			name = Debug;
		};
		881EF0B51E3102E30035DEB4 /* Release */ = {
			isa = XCBuildConfiguration;
			buildSettings = {
				ALWAYS_SEARCH_USER_PATHS = NO;
				CLANG_ANALYZER_NONNULL = YES;
				CLANG_CXX_LANGUAGE_STANDARD = "gnu++0x";
				CLANG_CXX_LIBRARY = "libc++";
				CLANG_ENABLE_MODULES = YES;
				CLANG_ENABLE_OBJC_ARC = YES;
				CLANG_WARN_BOOL_CONVERSION = YES;
				CLANG_WARN_CONSTANT_CONVERSION = YES;
				CLANG_WARN_DIRECT_OBJC_ISA_USAGE = YES_ERROR;
				CLANG_WARN_DOCUMENTATION_COMMENTS = YES;
				CLANG_WARN_EMPTY_BODY = YES;
				CLANG_WARN_ENUM_CONVERSION = YES;
				CLANG_WARN_INFINITE_RECURSION = YES;
				CLANG_WARN_INT_CONVERSION = YES;
				CLANG_WARN_OBJC_ROOT_CLASS = YES_ERROR;
				CLANG_WARN_SUSPICIOUS_MOVE = YES;
				CLANG_WARN_UNREACHABLE_CODE = YES;
				CLANG_WARN__DUPLICATE_METHOD_MATCH = YES;
				"CODE_SIGN_IDENTITY[sdk=iphoneos*]" = "iPhone Developer";
				COPY_PHASE_STRIP = NO;
				DEBUG_INFORMATION_FORMAT = "dwarf-with-dsym";
				ENABLE_NS_ASSERTIONS = NO;
				ENABLE_STRICT_OBJC_MSGSEND = YES;
				GCC_C_LANGUAGE_STANDARD = gnu99;
				GCC_NO_COMMON_BLOCKS = YES;
				GCC_WARN_64_TO_32_BIT_CONVERSION = YES;
				GCC_WARN_ABOUT_RETURN_TYPE = YES_ERROR;
				GCC_WARN_UNDECLARED_SELECTOR = YES;
				GCC_WARN_UNINITIALIZED_AUTOS = YES_AGGRESSIVE;
				GCC_WARN_UNUSED_FUNCTION = YES;
				GCC_WARN_UNUSED_VARIABLE = YES;
				IPHONEOS_DEPLOYMENT_TARGET = 10.2;
				MTL_ENABLE_DEBUG_INFO = NO;
				SDKROOT = iphoneos;
				SWIFT_OPTIMIZATION_LEVEL = "-Owholemodule";
				VALIDATE_PRODUCT = YES;
			};
			name = Release;
		};
		881EF0B71E3102E30035DEB4 /* Debug */ = {
			isa = XCBuildConfiguration;
			buildSettings = {
				ALWAYS_EMBED_SWIFT_STANDARD_LIBRARIES = YES;
				ASSETCATALOG_COMPILER_APPICON_NAME = AppIcon;
				INFOPLIST_FILE = Sample/Info.plist;
				IPHONEOS_DEPLOYMENT_TARGET = 9.0;
				LD_RUNPATH_SEARCH_PATHS = "$(inherited) @executable_path/Frameworks";
				PRODUCT_BUNDLE_IDENTIFIER = is.handsome.Sample;
				PRODUCT_NAME = "$(TARGET_NAME)";
				SWIFT_VERSION = 3.0;
			};
			name = Debug;
		};
		881EF0B81E3102E30035DEB4 /* Release */ = {
			isa = XCBuildConfiguration;
			buildSettings = {
				ALWAYS_EMBED_SWIFT_STANDARD_LIBRARIES = YES;
				ASSETCATALOG_COMPILER_APPICON_NAME = AppIcon;
				INFOPLIST_FILE = Sample/Info.plist;
				IPHONEOS_DEPLOYMENT_TARGET = 9.0;
				LD_RUNPATH_SEARCH_PATHS = "$(inherited) @executable_path/Frameworks";
				PRODUCT_BUNDLE_IDENTIFIER = is.handsome.Sample;
				PRODUCT_NAME = "$(TARGET_NAME)";
				SWIFT_VERSION = 3.0;
			};
			name = Release;
		};
/* End XCBuildConfiguration section */

/* Begin XCConfigurationList section */
		881EF09F1E3102E30035DEB4 /* Build configuration list for PBXProject "Sample" */ = {
			isa = XCConfigurationList;
			buildConfigurations = (
				881EF0B41E3102E30035DEB4 /* Debug */,
				881EF0B51E3102E30035DEB4 /* Release */,
			);
			defaultConfigurationIsVisible = 0;
			defaultConfigurationName = Release;
		};
		881EF0B61E3102E30035DEB4 /* Build configuration list for PBXNativeTarget "Sample" */ = {
			isa = XCConfigurationList;
			buildConfigurations = (
				881EF0B71E3102E30035DEB4 /* Debug */,
				881EF0B81E3102E30035DEB4 /* Release */,
			);
			defaultConfigurationIsVisible = 0;
			defaultConfigurationName = Release;
		};
/* End XCConfigurationList section */
	};
	rootObject = 881EF09C1E3102E30035DEB4 /* Project object */;
}
